{
  "version": 4,
  "terraform_version": "1.5.7",
  "serial": 100,
  "lineage": "8b09b6ff-ed15-bb38-a54a-63bbd016078f",
  "outputs": {
    "vm_db_external_ip": {
      "value": "158.160.52.160",
      "type": "string"
    },
    "vm_web_external_ip": {
      "value": "158.160.109.86",
      "type": "string"
    }
  },
  "resources": [
    {
      "mode": "data",
      "type": "yandex_compute_image",
      "name": "ubuntu",
      "provider": "provider[\"registry.terraform.io/yandex-cloud/yandex\"]",
      "instances": [
        {
          "schema_version": 0,
          "attributes": {
            "created_at": "2023-12-11T10:53:10Z",
            "description": "ubuntu 20.04 lts",
            "family": "ubuntu-2004-lts",
            "folder_id": "standard-images",
            "id": "fd8fo5t7f6j6iqvjnk3b",
            "image_id": "fd8fo5t7f6j6iqvjnk3b",
            "labels": {},
            "min_disk_size": 5,
            "name": "ubuntu-20-04-lts-v20231211",
            "os_type": "linux",
            "pooled": true,
            "product_ids": [
              "f2e8rp851j49enpajnbd"
            ],
            "size": 4,
            "status": "ready"
          },
          "sensitive_attributes": []
        }
      ]
    },
    {
      "mode": "managed",
      "type": "yandex_compute_instance",
      "name": "platform",
      "provider": "provider[\"registry.terraform.io/yandex-cloud/yandex\"]",
      "instances": [
        {
          "schema_version": 1,
          "attributes": {
            "allow_recreate": null,
            "allow_stopping_for_update": null,
            "boot_disk": [
              {
                "auto_delete": true,
                "device_name": "fhm280uq6opjs7biln6j",
                "disk_id": "fhm280uq6opjs7biln6j",
                "initialize_params": [
                  {
                    "block_size": 4096,
                    "description": "",
                    "image_id": "fd8fo5t7f6j6iqvjnk3b",
                    "name": "",
                    "size": 5,
                    "snapshot_id": "",
                    "type": "network-hdd"
                  }
                ],
                "mode": "READ_WRITE"
              }
            ],
            "created_at": "2023-12-12T11:31:41Z",
            "description": "",
            "filesystem": [],
            "folder_id": "b1guarc777iflh520795",
            "fqdn": "fhmr3sga87lccgrk29om.auto.internal",
            "gpu_cluster_id": "",
            "hostname": "",
            "id": "fhmr3sga87lccgrk29om",
            "labels": null,
            "local_disk": [],
            "metadata": {
              "serial-port-enable": "1",
              "ssh-keys": "ubuntu:ssh-rsa AAAAB3NzaC1yc2EAAAADAQABAAABgQDZcHcizOMqi/BcqQKRw9Qb8hQqLf1tsKlJdqGrj7nXHBMzNs16uHIgw2yySRumefjx7A9eB7QD6BkdyaqBcbS2pveZVqUr6+VLmO7jWr0gclfKy0XuK90ZUcz9tAYoDkCj1odAvcqIr/A/QRiv1vo3qhOxIpozdDPC9rH6yzzDSO2UJhzc6ytjCNwSwaUd7dWxynkPD2goPKA3xqcaYbXXFKPUyrgRNfbew4mpByfxV3albS3Q/7gFtF0/BnzZp5mq0dg5wed6ix4h/ki0NgyjwCvRbmlhMj6RoTVcKTjhGl5i0e8SSa9ay32bkB0IpfrnDr+cwVj3pYi5VAq5Ilq8q8odZTku8WyU9EqjqN+5zJPpGePw86E43+osST+lZBRKHF0oObYZ97wVfoBP0huxadFipc1wlC6WRQiGKOUrHYuLRefmYYrUd6XUUVkkuvROXei1xe85MVVtaII/E2v7P9S+hV3oIX9ikPTfYKR6RvTBwvsg5rBAk28/0c21RH0= viacheslavterteryan@Viacheslavs-MacBook-Pro.local"
            },
            "metadata_options": [
              {
                "aws_v1_http_endpoint": 1,
                "aws_v1_http_token": 2,
                "gce_http_endpoint": 1,
                "gce_http_token": 1
              }
            ],
            "name": "netology-develop-platform-web",
            "network_acceleration_type": "standard",
            "network_interface": [
              {
                "dns_record": [],
                "index": 0,
                "ip_address": "10.0.1.22",
                "ipv4": true,
                "ipv6": false,
                "ipv6_address": "",
                "ipv6_dns_record": [],
                "mac_address": "d0:0d:1b:1f:20:a4",
                "nat": true,
                "nat_dns_record": [],
                "nat_ip_address": "158.160.109.86",
                "nat_ip_version": "IPV4",
                "security_group_ids": [],
                "subnet_id": "e9bks7dmeka6gv9t25gc"
              }
            ],
            "placement_policy": [
              {
                "host_affinity_rules": [],
                "placement_group_id": ""
              }
            ],
            "platform_id": "standard-v1",
            "resources": [
              {
                "core_fraction": 5,
                "cores": 2,
                "gpus": 0,
                "memory": 1
              }
            ],
            "scheduling_policy": [
              {
                "preemptible": true
              }
            ],
            "secondary_disk": [],
            "service_account_id": "",
            "status": "running",
            "timeouts": null,
            "zone": "ru-central1-a"
          },
          "sensitive_attributes": [],
          "private": "eyJlMmJmYjczMC1lY2FhLTExZTYtOGY4OC0zNDM2M2JjN2M0YzAiOnsiY3JlYXRlIjozMDAwMDAwMDAwMDAsImRlbGV0ZSI6MzAwMDAwMDAwMDAwLCJ1cGRhdGUiOjMwMDAwMDAwMDAwMH0sInNjaGVtYV92ZXJzaW9uIjoiMSJ9",
          "dependencies": [
            "data.yandex_compute_image.ubuntu",
            "yandex_vpc_network.develop",
            "yandex_vpc_subnet.develop"
          ]
        }
      ]
    },
    {
      "mode": "managed",
      "type": "yandex_compute_instance",
      "name": "platform_db",
      "provider": "provider[\"registry.terraform.io/yandex-cloud/yandex\"]",
      "instances": [
        {
          "schema_version": 1,
          "attributes": {
            "allow_recreate": null,
            "allow_stopping_for_update": null,
            "boot_disk": [
              {
                "auto_delete": true,
                "device_name": "fhmhb0q52jtrp83okd6e",
                "disk_id": "fhmhb0q52jtrp83okd6e",
                "initialize_params": [
                  {
                    "block_size": 4096,
                    "description": "",
                    "image_id": "fd8fo5t7f6j6iqvjnk3b",
                    "name": "",
                    "size": 5,
                    "snapshot_id": "",
                    "type": "network-hdd"
                  }
                ],
                "mode": "READ_WRITE"
              }
            ],
            "created_at": "2023-12-12T11:31:41Z",
            "description": "",
            "filesystem": [],
            "folder_id": "b1guarc777iflh520795",
            "fqdn": "fhmsip8ef3ebk82bnmq4.auto.internal",
            "gpu_cluster_id": "",
            "hostname": "",
            "id": "fhmsip8ef3ebk82bnmq4",
            "labels": null,
            "local_disk": [],
            "metadata": {
              "serial-port-enable": "1",
              "ssh-keys": "ubuntu:ssh-rsa AAAAB3NzaC1yc2EAAAADAQABAAABgQDZcHcizOMqi/BcqQKRw9Qb8hQqLf1tsKlJdqGrj7nXHBMzNs16uHIgw2yySRumefjx7A9eB7QD6BkdyaqBcbS2pveZVqUr6+VLmO7jWr0gclfKy0XuK90ZUcz9tAYoDkCj1odAvcqIr/A/QRiv1vo3qhOxIpozdDPC9rH6yzzDSO2UJhzc6ytjCNwSwaUd7dWxynkPD2goPKA3xqcaYbXXFKPUyrgRNfbew4mpByfxV3albS3Q/7gFtF0/BnzZp5mq0dg5wed6ix4h/ki0NgyjwCvRbmlhMj6RoTVcKTjhGl5i0e8SSa9ay32bkB0IpfrnDr+cwVj3pYi5VAq5Ilq8q8odZTku8WyU9EqjqN+5zJPpGePw86E43+osST+lZBRKHF0oObYZ97wVfoBP0huxadFipc1wlC6WRQiGKOUrHYuLRefmYYrUd6XUUVkkuvROXei1xe85MVVtaII/E2v7P9S+hV3oIX9ikPTfYKR6RvTBwvsg5rBAk28/0c21RH0= viacheslavterteryan@Viacheslavs-MacBook-Pro.local"
            },
            "metadata_options": [
              {
                "aws_v1_http_endpoint": 1,
                "aws_v1_http_token": 2,
                "gce_http_endpoint": 1,
                "gce_http_token": 1
              }
            ],
            "name": "netology-develop-platform-db",
            "network_acceleration_type": "standard",
            "network_interface": [
              {
                "dns_record": [],
                "index": 0,
                "ip_address": "10.0.1.32",
                "ipv4": true,
                "ipv6": false,
                "ipv6_address": "",
                "ipv6_dns_record": [],
                "mac_address": "d0:0d:1c:96:50:e7",
                "nat": true,
                "nat_dns_record": [],
                "nat_ip_address": "158.160.52.160",
                "nat_ip_version": "IPV4",
                "security_group_ids": [],
                "subnet_id": "e9bks7dmeka6gv9t25gc"
              }
            ],
            "placement_policy": [
              {
                "host_affinity_rules": [],
                "placement_group_id": ""
              }
            ],
            "platform_id": "standard-v1",
            "resources": [
              {
                "core_fraction": 20,
                "cores": 2,
                "gpus": 0,
                "memory": 2
              }
            ],
            "scheduling_policy": [
              {
                "preemptible": true
              }
            ],
            "secondary_disk": [],
            "service_account_id": "",
            "status": "running",
            "timeouts": null,
            "zone": "ru-central1-a"
          },
          "sensitive_attributes": [],
          "private": "eyJlMmJmYjczMC1lY2FhLTExZTYtOGY4OC0zNDM2M2JjN2M0YzAiOnsiY3JlYXRlIjozMDAwMDAwMDAwMDAsImRlbGV0ZSI6MzAwMDAwMDAwMDAwLCJ1cGRhdGUiOjMwMDAwMDAwMDAwMH0sInNjaGVtYV92ZXJzaW9uIjoiMSJ9",
          "dependencies": [
            "data.yandex_compute_image.ubuntu",
            "yandex_vpc_network.develop",
            "yandex_vpc_subnet.develop"
          ]
        }
      ]
    },
    {
      "mode": "managed",
      "type": "yandex_vpc_network",
      "name": "develop",
      "provider": "provider[\"registry.terraform.io/yandex-cloud/yandex\"]",
      "instances": [
        {
          "schema_version": 0,
          "attributes": {
            "created_at": "2023-12-12T11:31:38Z",
            "default_security_group_id": "enpl0r4o9s0lecdp9ao6",
            "description": "",
            "folder_id": "b1guarc777iflh520795",
            "id": "enpmo40h15o8fs5pe3se",
            "labels": {},
            "name": "develop",
            "subnet_ids": [],
            "timeouts": null
          },
          "sensitive_attributes": [],
          "private": "eyJlMmJmYjczMC1lY2FhLTExZTYtOGY4OC0zNDM2M2JjN2M0YzAiOnsiY3JlYXRlIjo2MDAwMDAwMDAwMCwiZGVsZXRlIjo2MDAwMDAwMDAwMCwidXBkYXRlIjo2MDAwMDAwMDAwMH19"
        }
      ]
    },
    {
      "mode": "managed",
      "type": "yandex_vpc_subnet",
      "name": "develop",
      "provider": "provider[\"registry.terraform.io/yandex-cloud/yandex\"]",
      "instances": [
        {
          "schema_version": 0,
          "attributes": {
            "created_at": "2023-12-12T11:31:40Z",
            "description": "",
            "dhcp_options": [],
            "folder_id": "b1guarc777iflh520795",
            "id": "e9bks7dmeka6gv9t25gc",
            "labels": {},
            "name": "develop",
            "network_id": "enpmo40h15o8fs5pe3se",
            "route_table_id": "",
            "timeouts": null,
            "v4_cidr_blocks": [
              "10.0.1.0/24"
            ],
            "v6_cidr_blocks": [],
            "zone": "ru-central1-a"
          },
          "sensitive_attributes": [],
          "private": "eyJlMmJmYjczMC1lY2FhLTExZTYtOGY4OC0zNDM2M2JjN2M0YzAiOnsiY3JlYXRlIjoxODAwMDAwMDAwMDAsImRlbGV0ZSI6MTgwMDAwMDAwMDAwLCJ1cGRhdGUiOjE4MDAwMDAwMDAwMH19",
          "dependencies": [
            "yandex_vpc_network.develop"
          ]
        }
      ]
    }
  ],
  "check_results": null
}
